
Microsoft Visual Studio Solution File, Format Version 12.00
# Visual Studio Version 16
VisualStudioVersion = 16.0.28606.126
MinimumVisualStudioVersion = 10.0.40219.1
Project("{8BC9CEB8-8B4A-11D0-8D11-00A0C91BC942}") = "CHG_OpenCV_test", "CHG_OpenCV_test\CHG_OpenCV_test.vcxproj", "{B010A585-11AD-4053-8A1D-B8DABC54191F}"
EndProject
Global
	GlobalSection(SolutionConfigurationPlatforms) = preSolution
		Debug|x64 = Debug|x64
		Debug|x86 = Debug|x86
		Release|x64 = Release|x64
		Release|x86 = Release|x86
	EndGlobalSection
	GlobalSection(ProjectConfigurationPlatforms) = postSolution
		{B010A585-11AD-4053-8A1D-B8DABC54191F}.Debug|x64.ActiveCfg = Debug|x64
		{B010A585-11AD-4053-8A1D-B8DABC54191F}.Debug|x64.Build.0 = Debug|x64
		{B010A585-11AD-4053-8A1D-B8DABC54191F}.Debug|x86.ActiveCfg = Debug|Win32
		{B010A585-11AD-4053-8A1D-B8DABC54191F}.Debug|x86.Build.0 = Debug|Win32
		{B010A585-11AD-4053-8A1D-B8DABC54191F}.Release|x64.ActiveCfg = Release|x64
		{B010A585-11AD-4053-8A1D-B8DABC54191F}.Release|x64.Build.0 = Release|x64
		{B010A585-11AD-4053-8A1D-B8DABC54191F}.Release|x86.ActiveCfg = Release|Win32
		{B010A585-11AD-4053-8A1D-B8DABC54191F}.Release|x86.Build.0 = Release|Win32
	EndGlobalSection
	GlobalSection(SolutionProperties) = preSolution
		HideSolutionNode = FALSE
	EndGlobalSection
	GlobalSection(ExtensibilityGlobals) = postSolution
		SolutionGuid = {B69360A6-B775-42B3-AB37-291E1129E46B}
	EndGlobalSection
EndGlobal
